
Microsoft Visual Studio Solution File, Format Version 12.00
# Visual Studio Version 16
VisualStudioVersion = 16.0.29009.5
MinimumVisualStudioVersion = 10.0.40219.1
Project("{2150E333-8FDC-42A3-9474-1A3956D46DE8}") = "src", "src", "{C29FB05C-54B1-4020-94D2-87E192EB2F98}"
EndProject
Project("{2150E333-8FDC-42A3-9474-1A3956D46DE8}") = "tests", "tests", "{AF8ADB2F-E46C-4DEE-8316-652D9FE1A69B}"
EndProject
Project("{FAE04EC0-301F-11D3-BF4B-00C04F79EFBC}") = "ZonyLrcToolsX.Core", "src\ZonyLrcToolsX.Core\ZonyLrcToolsX.Core.csproj", "{9555DE10-0F90-4678-829F-0869FE6C705B}"
EndProject
Project("{FAE04EC0-301F-11D3-BF4B-00C04F79EFBC}") = "ZonyLrcToolsX.Core.Tests", "tests\ZonyLrcToolsX.Core.Tests\ZonyLrcToolsX.Core.Tests.csproj", "{D22B8821-5390-4A1D-B579-64EA732DAE09}"
EndProject
Global
	GlobalSection(SolutionConfigurationPlatforms) = preSolution
		Debug|Any CPU = Debug|Any CPU
		Release|Any CPU = Release|Any CPU
	EndGlobalSection
	GlobalSection(ProjectConfigurationPlatforms) = postSolution
		{9555DE10-0F90-4678-829F-0869FE6C705B}.Debug|Any CPU.ActiveCfg = Debug|Any CPU
		{9555DE10-0F90-4678-829F-0869FE6C705B}.Debug|Any CPU.Build.0 = Debug|Any CPU
		{9555DE10-0F90-4678-829F-0869FE6C705B}.Release|Any CPU.ActiveCfg = Release|Any CPU
		{9555DE10-0F90-4678-829F-0869FE6C705B}.Release|Any CPU.Build.0 = Release|Any CPU
		{D22B8821-5390-4A1D-B579-64EA732DAE09}.Debug|Any CPU.ActiveCfg = Debug|Any CPU
		{D22B8821-5390-4A1D-B579-64EA732DAE09}.Debug|Any CPU.Build.0 = Debug|Any CPU
		{D22B8821-5390-4A1D-B579-64EA732DAE09}.Release|Any CPU.ActiveCfg = Release|Any CPU
		{D22B8821-5390-4A1D-B579-64EA732DAE09}.Release|Any CPU.Build.0 = Release|Any CPU
	EndGlobalSection
	GlobalSection(SolutionProperties) = preSolution
		HideSolutionNode = FALSE
	EndGlobalSection
	GlobalSection(ExtensibilityGlobals) = postSolution
		SolutionGuid = {7A6191C3-CC25-4732-885C-F4DD32F9E412}
	EndGlobalSection
	GlobalSection(NestedProjects) = preSolution
		{9555DE10-0F90-4678-829F-0869FE6C705B} = {C29FB05C-54B1-4020-94D2-87E192EB2F98}
		{D22B8821-5390-4A1D-B579-64EA732DAE09} = {AF8ADB2F-E46C-4DEE-8316-652D9FE1A69B}
	EndGlobalSection
EndGlobal
